
Microsoft Visual Studio Solution File, Format Version 10.00
# Visual Studio 2008
Project("{8BC9CEB8-8B4A-11D0-8D11-00A0C91BC942}") = "anyTest", "anyTest\anyTest.vcproj", "{5B7059AE-8506-4A9E-8042-D3A5EC8201DD}"
EndProject
Global
	GlobalSection(SolutionConfigurationPlatforms) = preSolution
		Debug|Win32 = Debug|Win32
		Release|Win32 = Release|Win32
	EndGlobalSection
	GlobalSection(ProjectConfigurationPlatforms) = postSolution
		{5B7059AE-8506-4A9E-8042-D3A5EC8201DD}.Debug|Win32.ActiveCfg = Debug|Win32
		{5B7059AE-8506-4A9E-8042-D3A5EC8201DD}.Debug|Win32.Build.0 = Debug|Win32
		{5B7059AE-8506-4A9E-8042-D3A5EC8201DD}.Release|Win32.ActiveCfg = Release|Win32
		{5B7059AE-8506-4A9E-8042-D3A5EC8201DD}.Release|Win32.Build.0 = Release|Win32
	EndGlobalSection
	GlobalSection(SolutionProperties) = preSolution
		HideSolutionNode = FALSE
	EndGlobalSection
EndGlobal
